
Microsoft Visual Studio Solution File, Format Version 12.00
Project("{FAE04EC0-301F-11D3-BF4B-00C04F79EFBC}") = "Sandbox", "Sandbox\Sandbox.csproj", "{A10E2BD0-ECF1-4EF4-BF0B-0043A6FA8517}"
EndProject
Project("{FAE04EC0-301F-11D3-BF4B-00C04F79EFBC}") = "Structured", "Structured\Structured.csproj", "{2DAAC2EE-4B34-46A9-BF58-CEA2A54B05BB}"
EndProject
Project("{2150E333-8FDC-42A3-9474-1A3956D46DE8}") = "1 .Sandbox", "1 .Sandbox", "{91CD6EDF-3A09-4AF0-97A4-97BF7CEEC58C}"
EndProject
Project("{2150E333-8FDC-42A3-9474-1A3956D46DE8}") = "3. FastEndpoints", "3. FastEndpoints", "{7029B386-C9D7-403F-9CFA-3CB4E4D540AD}"
EndProject
Project("{2150E333-8FDC-42A3-9474-1A3956D46DE8}") = "2. Minimal API vs. WebAPI", "2. Minimal API vs. WebAPI", "{63050A73-F03D-4CBF-9EFF-2907A1F28C0E}"
EndProject
Project("{FAE04EC0-301F-11D3-BF4B-00C04F79EFBC}") = "MinimalAPI", "MinimalAPI\MinimalAPI.csproj", "{CBE0BA61-DA46-40BB-8830-BA6600B3BE99}"
EndProject
Project("{FAE04EC0-301F-11D3-BF4B-00C04F79EFBC}") = "WebAPI", "WebAPI\WebAPI.csproj", "{4E463EFC-2DBC-446E-A2AE-17257E4F148C}"
EndProject
Project("{2150E333-8FDC-42A3-9474-1A3956D46DE8}") = "4. Reaper", "4. Reaper", "{AC74DBDA-379E-43E0-AC03-826BD297C89A}"
EndProject
Project("{FAE04EC0-301F-11D3-BF4B-00C04F79EFBC}") = "Reaper", "Reaper\Reaper.csproj", "{33020A4C-A806-425E-AD28-946AE3356ABC}"
EndProject
Project("{FAE04EC0-301F-11D3-BF4B-00C04F79EFBC}") = "WebApplication1", "WebApplication1\WebApplication1.csproj", "{A95E2731-9F52-4D96-A2E4-C4E4CE912248}"
EndProject
Global
	GlobalSection(SolutionConfigurationPlatforms) = preSolution
		Debug|Any CPU = Debug|Any CPU
		Release|Any CPU = Release|Any CPU
	EndGlobalSection
	GlobalSection(ProjectConfigurationPlatforms) = postSolution
		{A10E2BD0-ECF1-4EF4-BF0B-0043A6FA8517}.Debug|Any CPU.ActiveCfg = Debug|Any CPU
		{A10E2BD0-ECF1-4EF4-BF0B-0043A6FA8517}.Debug|Any CPU.Build.0 = Debug|Any CPU
		{A10E2BD0-ECF1-4EF4-BF0B-0043A6FA8517}.Release|Any CPU.ActiveCfg = Release|Any CPU
		{A10E2BD0-ECF1-4EF4-BF0B-0043A6FA8517}.Release|Any CPU.Build.0 = Release|Any CPU
		{2DAAC2EE-4B34-46A9-BF58-CEA2A54B05BB}.Debug|Any CPU.ActiveCfg = Debug|Any CPU
		{2DAAC2EE-4B34-46A9-BF58-CEA2A54B05BB}.Debug|Any CPU.Build.0 = Debug|Any CPU
		{2DAAC2EE-4B34-46A9-BF58-CEA2A54B05BB}.Release|Any CPU.ActiveCfg = Release|Any CPU
		{2DAAC2EE-4B34-46A9-BF58-CEA2A54B05BB}.Release|Any CPU.Build.0 = Release|Any CPU
		{CBE0BA61-DA46-40BB-8830-BA6600B3BE99}.Debug|Any CPU.ActiveCfg = Debug|Any CPU
		{CBE0BA61-DA46-40BB-8830-BA6600B3BE99}.Debug|Any CPU.Build.0 = Debug|Any CPU
		{CBE0BA61-DA46-40BB-8830-BA6600B3BE99}.Release|Any CPU.ActiveCfg = Release|Any CPU
		{CBE0BA61-DA46-40BB-8830-BA6600B3BE99}.Release|Any CPU.Build.0 = Release|Any CPU
		{4E463EFC-2DBC-446E-A2AE-17257E4F148C}.Debug|Any CPU.ActiveCfg = Debug|Any CPU
		{4E463EFC-2DBC-446E-A2AE-17257E4F148C}.Debug|Any CPU.Build.0 = Debug|Any CPU
		{4E463EFC-2DBC-446E-A2AE-17257E4F148C}.Release|Any CPU.ActiveCfg = Release|Any CPU
		{4E463EFC-2DBC-446E-A2AE-17257E4F148C}.Release|Any CPU.Build.0 = Release|Any CPU
		{33020A4C-A806-425E-AD28-946AE3356ABC}.Debug|Any CPU.ActiveCfg = Debug|Any CPU
		{33020A4C-A806-425E-AD28-946AE3356ABC}.Debug|Any CPU.Build.0 = Debug|Any CPU
		{33020A4C-A806-425E-AD28-946AE3356ABC}.Release|Any CPU.ActiveCfg = Release|Any CPU
		{33020A4C-A806-425E-AD28-946AE3356ABC}.Release|Any CPU.Build.0 = Release|Any CPU
		{A95E2731-9F52-4D96-A2E4-C4E4CE912248}.Debug|Any CPU.ActiveCfg = Debug|Any CPU
		{A95E2731-9F52-4D96-A2E4-C4E4CE912248}.Debug|Any CPU.Build.0 = Debug|Any CPU
		{A95E2731-9F52-4D96-A2E4-C4E4CE912248}.Release|Any CPU.ActiveCfg = Release|Any CPU
		{A95E2731-9F52-4D96-A2E4-C4E4CE912248}.Release|Any CPU.Build.0 = Release|Any CPU
	EndGlobalSection
	GlobalSection(NestedProjects) = preSolution
		{A10E2BD0-ECF1-4EF4-BF0B-0043A6FA8517} = {91CD6EDF-3A09-4AF0-97A4-97BF7CEEC58C}
		{2DAAC2EE-4B34-46A9-BF58-CEA2A54B05BB} = {7029B386-C9D7-403F-9CFA-3CB4E4D540AD}
		{CBE0BA61-DA46-40BB-8830-BA6600B3BE99} = {63050A73-F03D-4CBF-9EFF-2907A1F28C0E}
		{4E463EFC-2DBC-446E-A2AE-17257E4F148C} = {63050A73-F03D-4CBF-9EFF-2907A1F28C0E}
		{33020A4C-A806-425E-AD28-946AE3356ABC} = {AC74DBDA-379E-43E0-AC03-826BD297C89A}
		{A95E2731-9F52-4D96-A2E4-C4E4CE912248} = {AC74DBDA-379E-43E0-AC03-826BD297C89A}
	EndGlobalSection
EndGlobal
